
Microsoft Visual Studio Solution File, Format Version 12.00
# Visual Studio Version 16
VisualStudioVersion = 16.0.29519.87
MinimumVisualStudioVersion = 10.0.40219.1
Project("{FAE04EC0-301F-11D3-BF4B-00C04F79EFBC}") = "Preprocessor", "Preprocessor\Preprocessor.csproj", "{0B81AB9F-6B0B-416E-8349-8F9722A44BDB}"
EndProject
Global
	GlobalSection(SolutionConfigurationPlatforms) = preSolution
		Debug|Any CPU = Debug|Any CPU
		Release|Any CPU = Release|Any CPU
	EndGlobalSection
	GlobalSection(ProjectConfigurationPlatforms) = postSolution
		{0B81AB9F-6B0B-416E-8349-8F9722A44BDB}.Debug|Any CPU.ActiveCfg = Debug|Any CPU
		{0B81AB9F-6B0B-416E-8349-8F9722A44BDB}.Debug|Any CPU.Build.0 = Debug|Any CPU
		{0B81AB9F-6B0B-416E-8349-8F9722A44BDB}.Release|Any CPU.ActiveCfg = Release|Any CPU
		{0B81AB9F-6B0B-416E-8349-8F9722A44BDB}.Release|Any CPU.Build.0 = Release|Any CPU
	EndGlobalSection
	GlobalSection(SolutionProperties) = preSolution
		HideSolutionNode = FALSE
	EndGlobalSection
	GlobalSection(ExtensibilityGlobals) = postSolution
		SolutionGuid = {F3B7D25D-F722-4B25-9839-50843DA0D8EC}
	EndGlobalSection
EndGlobal
